// !$*UTF8*$!
{
	archiveVersion = 1;
	classes = {
	};
	objectVersion = 48;
	objects = {

/* Begin PBXBuildFile section */
		6E0E37871FA2BED6002962EA /* AppDelegate.swift in Sources */ = {isa = PBXBuildFile; fileRef = 6E0E37861FA2BED6002962EA /* AppDelegate.swift */; };
		6E0E37891FA2BED6002962EA /* ViewController.swift in Sources */ = {isa = PBXBuildFile; fileRef = 6E0E37881FA2BED6002962EA /* ViewController.swift */; };
		6E0E378C1FA2BED6002962EA /* Main.storyboard in Resources */ = {isa = PBXBuildFile; fileRef = 6E0E378A1FA2BED6002962EA /* Main.storyboard */; };
		6E0E378E1FA2BED6002962EA /* Assets.xcassets in Resources */ = {isa = PBXBuildFile; fileRef = 6E0E378D1FA2BED6002962EA /* Assets.xcassets */; };
		6E0E37911FA2BED6002962EA /* LaunchScreen.storyboard in Resources */ = {isa = PBXBuildFile; fileRef = 6E0E378F1FA2BED6002962EA /* LaunchScreen.storyboard */; };
		6E0E37991FA2D3ED002962EA /* VoiceTransViewController.swift in Sources */ = {isa = PBXBuildFile; fileRef = 6E0E37981FA2D3ED002962EA /* VoiceTransViewController.swift */; };
		6E0E379E1FA2FFCC002962EA /* VoiceRecorder.swift in Sources */ = {isa = PBXBuildFile; fileRef = 6E0E379D1FA2FFCC002962EA /* VoiceRecorder.swift */; };
		6E0E37A01FA2FFFE002962EA /* AppleVoiceTransformer.swift in Sources */ = {isa = PBXBuildFile; fileRef = 6E0E379F1FA2FFFE002962EA /* AppleVoiceTransformer.swift */; };
/* End PBXBuildFile section */

/* Begin PBXFileReference section */
		6E0E37831FA2BED6002962EA /* AKVoiceDetector.app */ = {isa = PBXFileReference; explicitFileType = wrapper.application; includeInIndex = 0; path = AKVoiceDetector.app; sourceTree = BUILT_PRODUCTS_DIR; };
		6E0E37861FA2BED6002962EA /* AppDelegate.swift */ = {isa = PBXFileReference; lastKnownFileType = sourcecode.swift; path = AppDelegate.swift; sourceTree = "<group>"; };
		6E0E37881FA2BED6002962EA /* ViewController.swift */ = {isa = PBXFileReference; lastKnownFileType = sourcecode.swift; path = ViewController.swift; sourceTree = "<group>"; };
		6E0E378B1FA2BED6002962EA /* Base */ = {isa = PBXFileReference; lastKnownFileType = file.storyboard; name = Base; path = Base.lproj/Main.storyboard; sourceTree = "<group>"; };
		6E0E378D1FA2BED6002962EA /* Assets.xcassets */ = {isa = PBXFileReference; lastKnownFileType = folder.assetcatalog; path = Assets.xcassets; sourceTree = "<group>"; };
		6E0E37901FA2BED6002962EA /* Base */ = {isa = PBXFileReference; lastKnownFileType = file.storyboard; name = Base; path = Base.lproj/LaunchScreen.storyboard; sourceTree = "<group>"; };
		6E0E37921FA2BED6002962EA /* Info.plist */ = {isa = PBXFileReference; lastKnownFileType = text.plist.xml; path = Info.plist; sourceTree = "<group>"; };
		6E0E37981FA2D3ED002962EA /* VoiceTransViewController.swift */ = {isa = PBXFileReference; lastKnownFileType = sourcecode.swift; path = VoiceTransViewController.swift; sourceTree = "<group>"; };
		6E0E379D1FA2FFCC002962EA /* VoiceRecorder.swift */ = {isa = PBXFileReference; fileEncoding = 4; lastKnownFileType = sourcecode.swift; path = VoiceRecorder.swift; sourceTree = "<group>"; };
		6E0E379F1FA2FFFE002962EA /* AppleVoiceTransformer.swift */ = {isa = PBXFileReference; lastKnownFileType = sourcecode.swift; path = AppleVoiceTransformer.swift; sourceTree = "<group>"; };
/* End PBXFileReference section */

/* Begin PBXFrameworksBuildPhase section */
		6E0E37801FA2BED6002962EA /* Frameworks */ = {
			isa = PBXFrameworksBuildPhase;
			buildActionMask = 2147483647;
			files = (
			);
			runOnlyForDeploymentPostprocessing = 0;
		};
/* End PBXFrameworksBuildPhase section */

/* Begin PBXGroup section */
		6E0E377A1FA2BED6002962EA = {
			isa = PBXGroup;
			children = (
				6E0E37851FA2BED6002962EA /* AKVoiceDetector */,
				6E0E37841FA2BED6002962EA /* Products */,
			);
			sourceTree = "<group>";
		};
		6E0E37841FA2BED6002962EA /* Products */ = {
			isa = PBXGroup;
			children = (
				6E0E37831FA2BED6002962EA /* AKVoiceDetector.app */,
			);
			name = Products;
			sourceTree = "<group>";
		};
		6E0E37851FA2BED6002962EA /* AKVoiceDetector */ = {
			isa = PBXGroup;
			children = (
				6E0E37861FA2BED6002962EA /* AppDelegate.swift */,
				6E0E37881FA2BED6002962EA /* ViewController.swift */,
				6E0E37981FA2D3ED002962EA /* VoiceTransViewController.swift */,
				6E0E379C1FA2FFCC002962EA /* AppleVoiceTransformer */,
				6E0E378A1FA2BED6002962EA /* Main.storyboard */,
				6E0E378D1FA2BED6002962EA /* Assets.xcassets */,
				6E0E378F1FA2BED6002962EA /* LaunchScreen.storyboard */,
				6E0E37921FA2BED6002962EA /* Info.plist */,
			);
			path = AKVoiceDetector;
			sourceTree = "<group>";
		};
		6E0E379C1FA2FFCC002962EA /* AppleVoiceTransformer */ = {
			isa = PBXGroup;
			children = (
				6E0E379D1FA2FFCC002962EA /* VoiceRecorder.swift */,
				6E0E379F1FA2FFFE002962EA /* AppleVoiceTransformer.swift */,
			);
			path = AppleVoiceTransformer;
			sourceTree = "<group>";
		};
/* End PBXGroup section */

/* Begin PBXNativeTarget section */
		6E0E37821FA2BED6002962EA /* AKVoiceDetector */ = {
			isa = PBXNativeTarget;
			buildConfigurationList = 6E0E37951FA2BED6002962EA /* Build configuration list for PBXNativeTarget "AKVoiceDetector" */;
			buildPhases = (
				6E0E377F1FA2BED6002962EA /* Sources */,
				6E0E37801FA2BED6002962EA /* Frameworks */,
				6E0E37811FA2BED6002962EA /* Resources */,
			);
			buildRules = (
			);
			dependencies = (
			);
			name = AKVoiceDetector;
			productName = AKVoiceDetector;
			productReference = 6E0E37831FA2BED6002962EA /* AKVoiceDetector.app */;
			productType = "com.apple.product-type.application";
		};
/* End PBXNativeTarget section */

/* Begin PBXProject section */
		6E0E377B1FA2BED6002962EA /* Project object */ = {
			isa = PBXProject;
			attributes = {
				LastSwiftUpdateCheck = 0900;
				LastUpgradeCheck = 0900;
				ORGANIZATIONNAME = "LowBee Tech.";
				TargetAttributes = {
					6E0E37821FA2BED6002962EA = {
						CreatedOnToolsVersion = 9.0;
						ProvisioningStyle = Automatic;
					};
				};
			};
			buildConfigurationList = 6E0E377E1FA2BED6002962EA /* Build configuration list for PBXProject "AKVoiceDetector" */;
			compatibilityVersion = "Xcode 8.0";
			developmentRegion = en;
			hasScannedForEncodings = 0;
			knownRegions = (
				en,
				Base,
			);
			mainGroup = 6E0E377A1FA2BED6002962EA;
			productRefGroup = 6E0E37841FA2BED6002962EA /* Products */;
			projectDirPath = "";
			projectRoot = "";
			targets = (
				6E0E37821FA2BED6002962EA /* AKVoiceDetector */,
			);
		};
/* End PBXProject section */

/* Begin PBXResourcesBuildPhase section */
		6E0E37811FA2BED6002962EA /* Resources */ = {
			isa = PBXResourcesBuildPhase;
			buildActionMask = 2147483647;
			files = (
				6E0E37911FA2BED6002962EA /* LaunchScreen.storyboard in Resources */,
				6E0E378E1FA2BED6002962EA /* Assets.xcassets in Resources */,
				6E0E378C1FA2BED6002962EA /* Main.storyboard in Resources */,
			);
			runOnlyForDeploymentPostprocessing = 0;
		};
/* End PBXResourcesBuildPhase section */

/* Begin PBXSourcesBuildPhase section */
		6E0E377F1FA2BED6002962EA /* Sources */ = {
			isa = PBXSourcesBuildPhase;
			buildActionMask = 2147483647;
			files = (
				6E0E37991FA2D3ED002962EA /* VoiceTransViewController.swift in Sources */,
				6E0E37A01FA2FFFE002962EA /* AppleVoiceTransformer.swift in Sources */,
				6E0E37891FA2BED6002962EA /* ViewController.swift in Sources */,
				6E0E379E1FA2FFCC002962EA /* VoiceRecorder.swift in Sources */,
				6E0E37871FA2BED6002962EA /* AppDelegate.swift in Sources */,
			);
			runOnlyForDeploymentPostprocessing = 0;
		};
/* End PBXSourcesBuildPhase section */

/* Begin PBXVariantGroup section */
		6E0E378A1FA2BED6002962EA /* Main.storyboard */ = {
			isa = PBXVariantGroup;
			children = (
				6E0E378B1FA2BED6002962EA /* Base */,
			);
			name = Main.storyboard;
			sourceTree = "<group>";
		};
		6E0E378F1FA2BED6002962EA /* LaunchScreen.storyboard */ = {
			isa = PBXVariantGroup;
			children = (
				6E0E37901FA2BED6002962EA /* Base */,
			);
			name = LaunchScreen.storyboard;
			sourceTree = "<group>";
		};
/* End PBXVariantGroup section */

/* Begin XCBuildConfiguration section */
		6E0E37931FA2BED6002962EA /* Debug */ = {
			isa = XCBuildConfiguration;
			buildSettings = {
				ALWAYS_SEARCH_USER_PATHS = NO;
				CLANG_ANALYZER_NONNULL = YES;
				CLANG_ANALYZER_NUMBER_OBJECT_CONVERSION = YES_AGGRESSIVE;
				CLANG_CXX_LANGUAGE_STANDARD = "gnu++14";
				CLANG_CXX_LIBRARY = "libc++";
				CLANG_ENABLE_MODULES = YES;
				CLANG_ENABLE_OBJC_ARC = YES;
				CLANG_WARN_BLOCK_CAPTURE_AUTORELEASING = YES;
				CLANG_WARN_BOOL_CONVERSION = YES;
				CLANG_WARN_COMMA = YES;
				CLANG_WARN_CONSTANT_CONVERSION = YES;
				CLANG_WARN_DIRECT_OBJC_ISA_USAGE = YES_ERROR;
				CLANG_WARN_DOCUMENTATION_COMMENTS = YES;
				CLANG_WARN_EMPTY_BODY = YES;
				CLANG_WARN_ENUM_CONVERSION = YES;
				CLANG_WARN_INFINITE_RECURSION = YES;
				CLANG_WARN_INT_CONVERSION = YES;
				CLANG_WARN_NON_LITERAL_NULL_CONVERSION = YES;
				CLANG_WARN_OBJC_LITERAL_CONVERSION = YES;
				CLANG_WARN_OBJC_ROOT_CLASS = YES_ERROR;
				CLANG_WARN_RANGE_LOOP_ANALYSIS = YES;
				CLANG_WARN_STRICT_PROTOTYPES = YES;
				CLANG_WARN_SUSPICIOUS_MOVE = YES;
				CLANG_WARN_UNGUARDED_AVAILABILITY = YES_AGGRESSIVE;
				CLANG_WARN_UNREACHABLE_CODE = YES;
				CLANG_WARN__DUPLICATE_METHOD_MATCH = YES;
				CODE_SIGN_IDENTITY = "iPhone Developer";
				COPY_PHASE_STRIP = NO;
				DEBUG_INFORMATION_FORMAT = dwarf;
				ENABLE_STRICT_OBJC_MSGSEND = YES;
				ENABLE_TESTABILITY = YES;
				GCC_C_LANGUAGE_STANDARD = gnu11;
				GCC_DYNAMIC_NO_PIC = NO;
				GCC_NO_COMMON_BLOCKS = YES;
				GCC_OPTIMIZATION_LEVEL = 0;
				GCC_PREPROCESSOR_DEFINITIONS = (
					"DEBUG=1",
					"$(inherited)",
				);
				GCC_WARN_64_TO_32_BIT_CONVERSION = YES;
				GCC_WARN_ABOUT_RETURN_TYPE = YES_ERROR;
				GCC_WARN_UNDECLARED_SELECTOR = YES;
				GCC_WARN_UNINITIALIZED_AUTOS = YES_AGGRESSIVE;
				GCC_WARN_UNUSED_FUNCTION = YES;
				GCC_WARN_UNUSED_VARIABLE = YES;
				IPHONEOS_DEPLOYMENT_TARGET = 11.0;
				MTL_ENABLE_DEBUG_INFO = YES;
				ONLY_ACTIVE_ARCH = YES;
				SDKROOT = iphoneos;
				SWIFT_ACTIVE_COMPILATION_CONDITIONS = DEBUG;
				SWIFT_OPTIMIZATION_LEVEL = "-Onone";
			};
			name = Debug;
		};
		6E0E37941FA2BED6002962EA /* Release */ = {
			isa = XCBuildConfiguration;
			buildSettings = {
				ALWAYS_SEARCH_USER_PATHS = NO;
				CLANG_ANALYZER_NONNULL = YES;
				CLANG_ANALYZER_NUMBER_OBJECT_CONVERSION = YES_AGGRESSIVE;
				CLANG_CXX_LANGUAGE_STANDARD = "gnu++14";
				CLANG_CXX_LIBRARY = "libc++";
				CLANG_ENABLE_MODULES = YES;
				CLANG_ENABLE_OBJC_ARC = YES;
				CLANG_WARN_BLOCK_CAPTURE_AUTORELEASING = YES;
				CLANG_WARN_BOOL_CONVERSION = YES;
				CLANG_WARN_COMMA = YES;
				CLANG_WARN_CONSTANT_CONVERSION = YES;
				CLANG_WARN_DIRECT_OBJC_ISA_USAGE = YES_ERROR;
				CLANG_WARN_DOCUMENTATION_COMMENTS = YES;
				CLANG_WARN_EMPTY_BODY = YES;
				CLANG_WARN_ENUM_CONVERSION = YES;
				CLANG_WARN_INFINITE_RECURSION = YES;
				CLANG_WARN_INT_CONVERSION = YES;
				CLANG_WARN_NON_LITERAL_NULL_CONVERSION = YES;
				CLANG_WARN_OBJC_LITERAL_CONVERSION = YES;
				CLANG_WARN_OBJC_ROOT_CLASS = YES_ERROR;
				CLANG_WARN_RANGE_LOOP_ANALYSIS = YES;
				CLANG_WARN_STRICT_PROTOTYPES = YES;
				CLANG_WARN_SUSPICIOUS_MOVE = YES;
				CLANG_WARN_UNGUARDED_AVAILABILITY = YES_AGGRESSIVE;
				CLANG_WARN_UNREACHABLE_CODE = YES;
				CLANG_WARN__DUPLICATE_METHOD_MATCH = YES;
				CODE_SIGN_IDENTITY = "iPhone Developer";
				COPY_PHASE_STRIP = NO;
				DEBUG_INFORMATION_FORMAT = "dwarf-with-dsym";
				ENABLE_NS_ASSERTIONS = NO;
				ENABLE_STRICT_OBJC_MSGSEND = YES;
				GCC_C_LANGUAGE_STANDARD = gnu11;
				GCC_NO_COMMON_BLOCKS = YES;
				GCC_WARN_64_TO_32_BIT_CONVERSION = YES;
				GCC_WARN_ABOUT_RETURN_TYPE = YES_ERROR;
				GCC_WARN_UNDECLARED_SELECTOR = YES;
				GCC_WARN_UNINITIALIZED_AUTOS = YES_AGGRESSIVE;
				GCC_WARN_UNUSED_FUNCTION = YES;
				GCC_WARN_UNUSED_VARIABLE = YES;
				IPHONEOS_DEPLOYMENT_TARGET = 11.0;
				MTL_ENABLE_DEBUG_INFO = NO;
				SDKROOT = iphoneos;
				SWIFT_OPTIMIZATION_LEVEL = "-Owholemodule";
				VALIDATE_PRODUCT = YES;
			};
			name = Release;
		};
		6E0E37961FA2BED6002962EA /* Debug */ = {
			isa = XCBuildConfiguration;
			buildSettings = {
				ASSETCATALOG_COMPILER_APPICON_NAME = AppIcon;
				CODE_SIGN_STYLE = Automatic;
				DEVELOPMENT_TEAM = KWU5YRVHQB;
				INFOPLIST_FILE = AKVoiceDetector/Info.plist;
				IPHONEOS_DEPLOYMENT_TARGET = 10.0;
				LD_RUNPATH_SEARCH_PATHS = "$(inherited) @executable_path/Frameworks";
				PRODUCT_BUNDLE_IDENTIFIER = com.lowbee.AKVoiceDetector;
				PRODUCT_NAME = "$(TARGET_NAME)";
				SWIFT_VERSION = 4.0;
				TARGETED_DEVICE_FAMILY = "1,2";
			};
			name = Debug;
		};
		6E0E37971FA2BED6002962EA /* Release */ = {
			isa = XCBuildConfiguration;
			buildSettings = {
				ASSETCATALOG_COMPILER_APPICON_NAME = AppIcon;
				CODE_SIGN_STYLE = Automatic;
				DEVELOPMENT_TEAM = KWU5YRVHQB;
				INFOPLIST_FILE = AKVoiceDetector/Info.plist;
				IPHONEOS_DEPLOYMENT_TARGET = 10.0;
				LD_RUNPATH_SEARCH_PATHS = "$(inherited) @executable_path/Frameworks";
				PRODUCT_BUNDLE_IDENTIFIER = com.lowbee.AKVoiceDetector;
				PRODUCT_NAME = "$(TARGET_NAME)";
				SWIFT_VERSION = 4.0;
				TARGETED_DEVICE_FAMILY = "1,2";
			};
			name = Release;
		};
/* End XCBuildConfiguration section */

/* Begin XCConfigurationList section */
		6E0E377E1FA2BED6002962EA /* Build configuration list for PBXProject "AKVoiceDetector" */ = {
			isa = XCConfigurationList;
			buildConfigurations = (
				6E0E37931FA2BED6002962EA /* Debug */,
				6E0E37941FA2BED6002962EA /* Release */,
			);
			defaultConfigurationIsVisible = 0;
			defaultConfigurationName = Release;
		};
		6E0E37951FA2BED6002962EA /* Build configuration list for PBXNativeTarget "AKVoiceDetector" */ = {
			isa = XCConfigurationList;
			buildConfigurations = (
				6E0E37961FA2BED6002962EA /* Debug */,
				6E0E37971FA2BED6002962EA /* Release */,
			);
			defaultConfigurationIsVisible = 0;
			defaultConfigurationName = Release;
		};
/* End XCConfigurationList section */
	};
	rootObject = 6E0E377B1FA2BED6002962EA /* Project object */;
}
